uuid: bd5defa5-694d-450d-9873-d92e9b379315
langcode: en
status: true
dependencies:
  config:
    - views.view.who_s_online
  module:
    - views
  theme:
    - olivero
id: olivero_views_block__who_s_online_who_s_online_block
theme: olivero
region: hero
weight: 0
provider: null
plugin: 'views_block:who_s_online-who_s_online_block'
settings:
  id: 'views_block:who_s_online-who_s_online_block'
  label: ''
  label_display: visible
  provider: views
  views_label: ''
  items_per_page: none
visibility: {  }
